
Microsoft Visual Studio Solution File, Format Version 12.00
# Visual Studio Version 17
VisualStudioVersion = 17.9.34701.34
MinimumVisualStudioVersion = 10.0.40219.1
Project("{FAE04EC0-301F-11D3-BF4B-00C04F79EFBC}") = "ContactManagement", "ContactManagement\ContactManagement.csproj", "{408D0702-7B58-4148-B2C8-6C35DE12684E}"
EndProject
Global
	GlobalSection(SolutionConfigurationPlatforms) = preSolution
		Debug|Any CPU = Debug|Any CPU
		Release|Any CPU = Release|Any CPU
	EndGlobalSection
	GlobalSection(ProjectConfigurationPlatforms) = postSolution
		{408D0702-7B58-4148-B2C8-6C35DE12684E}.Debug|Any CPU.ActiveCfg = Debug|Any CPU
		{408D0702-7B58-4148-B2C8-6C35DE12684E}.Debug|Any CPU.Build.0 = Debug|Any CPU
		{408D0702-7B58-4148-B2C8-6C35DE12684E}.Release|Any CPU.ActiveCfg = Release|Any CPU
		{408D0702-7B58-4148-B2C8-6C35DE12684E}.Release|Any CPU.Build.0 = Release|Any CPU
	EndGlobalSection
	GlobalSection(SolutionProperties) = preSolution
		HideSolutionNode = FALSE
	EndGlobalSection
	GlobalSection(ExtensibilityGlobals) = postSolution
		SolutionGuid = {3849B8D1-F71E-4AD4-826D-52CF7A4E082E}
	EndGlobalSection
EndGlobal
